
Microsoft Visual Studio Solution File, Format Version 12.00
# Visual Studio 15
VisualStudioVersion = 15.0.27004.2009
MinimumVisualStudioVersion = 10.0.40219.1
Project("{FAE04EC0-301F-11D3-BF4B-00C04F79EFBC}") = "hamster", "hamster\hamster.csproj", "{397CA15C-AC78-4210-B3AA-7E09064BACFC}"
EndProject
Global
	GlobalSection(SolutionConfigurationPlatforms) = preSolution
		Debug|Any CPU = Debug|Any CPU
		Release|Any CPU = Release|Any CPU
	EndGlobalSection
	GlobalSection(ProjectConfigurationPlatforms) = postSolution
		{397CA15C-AC78-4210-B3AA-7E09064BACFC}.Debug|Any CPU.ActiveCfg = Debug|Any CPU
		{397CA15C-AC78-4210-B3AA-7E09064BACFC}.Debug|Any CPU.Build.0 = Debug|Any CPU
		{397CA15C-AC78-4210-B3AA-7E09064BACFC}.Release|Any CPU.ActiveCfg = Release|Any CPU
		{397CA15C-AC78-4210-B3AA-7E09064BACFC}.Release|Any CPU.Build.0 = Release|Any CPU
	EndGlobalSection
	GlobalSection(SolutionProperties) = preSolution
		HideSolutionNode = FALSE
	EndGlobalSection
	GlobalSection(ExtensibilityGlobals) = postSolution
		SolutionGuid = {D19AA9C7-850A-4694-81F5-A7EDB8B7D6E1}
	EndGlobalSection
EndGlobal
